
Microsoft Visual Studio Solution File, Format Version 12.00
Project("{2150E333-8FDC-42A3-9474-1A3956D46DE8}") = "src", "src", "{87801745-5CD0-47C0-A4AB-BD5DD8CBC883}"
EndProject
Project("{2150E333-8FDC-42A3-9474-1A3956D46DE8}") = "tests", "tests", "{F2E91D37-A898-4323-B922-6914C3C69B53}"
EndProject
Project("{2150E333-8FDC-42A3-9474-1A3956D46DE8}") = "Core", "Core", "{856563ED-5EE3-4696-9C49-4DE6A98A79DE}"
EndProject
Project("{2150E333-8FDC-42A3-9474-1A3956D46DE8}") = "API", "API", "{F4BF2BF1-6A6E-444F-AD0F-5FFDBFC3592D}"
EndProject
Project("{2150E333-8FDC-42A3-9474-1A3956D46DE8}") = "Infrastructure", "Infrastructure", "{20FF87DA-2488-4281-9371-B4176E64196C}"
EndProject
Project("{2150E333-8FDC-42A3-9474-1A3956D46DE8}") = "UI", "UI", "{F677AB1D-579C-40F0-B141-CF60A4AC1EFF}"
EndProject
Project("{FAE04EC0-301F-11D3-BF4B-00C04F79EFBC}") = "CogLog.Domain", "CogLog.Domain\CogLog.Domain.csproj", "{C0BF4E2C-F80E-4BB2-B90B-ACF89DBA074D}"
EndProject
Project("{FAE04EC0-301F-11D3-BF4B-00C04F79EFBC}") = "CogLog.App.UnitTests", "CogLog.App.UnitTests\CogLog.App.UnitTests.csproj", "{C40D555F-9592-4D09-B0D3-CC1FB1A49005}"
EndProject
Project("{FAE04EC0-301F-11D3-BF4B-00C04F79EFBC}") = "CogLog.App", "CogLog.App\CogLog.App.csproj", "{8B976D05-03F0-43B1-9232-6369197D1DBB}"
EndProject
Project("{FAE04EC0-301F-11D3-BF4B-00C04F79EFBC}") = "CogLog.Persistence", "CogLog.Persistence\CogLog.Persistence.csproj", "{4EA6EF1D-3675-4A58-A0D2-7F1694149AD6}"
EndProject
Project("{FAE04EC0-301F-11D3-BF4B-00C04F79EFBC}") = "CogLog.API", "CogLog.API\CogLog.API.csproj", "{92275D67-08CE-40EC-B9A6-CCC1383355C1}"
EndProject
Project("{2150E333-8FDC-42A3-9474-1A3956D46DE8}") = "Core", "Core", "{2DBF1EAE-3F8B-48C7-94EA-E4DC432562F1}"
EndProject
Project("{2150E333-8FDC-42A3-9474-1A3956D46DE8}") = "Infrastructure", "Infrastructure", "{EF0B8CA1-9804-4990-83A6-0A47DA139B5C}"
EndProject
Project("{FAE04EC0-301F-11D3-BF4B-00C04F79EFBC}") = "CogLog.Persistence.IntegrationTests", "CogLog.Persistence.IntegrationTests\CogLog.Persistence.IntegrationTests.csproj", "{14A86C66-7D5C-4743-ACD8-2BD57DFE04D7}"
EndProject
Project("{FAE04EC0-301F-11D3-BF4B-00C04F79EFBC}") = "CogLog.ClientGenerator", "CogLog.ClientGenerator\CogLog.ClientGenerator.csproj", "{424B44B9-5079-47F4-9F94-FAA14CEE50BB}"
EndProject
Project("{FAE04EC0-301F-11D3-BF4B-00C04F79EFBC}") = "CogLog.UI", "CogLog.UI\CogLog.UI.csproj", "{34587946-0A4B-4E43-AE7D-4F4204B0AB48}"
EndProject
Project("{FAE04EC0-301F-11D3-BF4B-00C04F79EFBC}") = "CogLog.Identity", "CogLog.Identity\CogLog.Identity.csproj", "{3E90FFF1-9FC8-4FA3-BF5A-3E4A80DED45C}"
EndProject
Global
	GlobalSection(SolutionConfigurationPlatforms) = preSolution
		Debug|Any CPU = Debug|Any CPU
		Release|Any CPU = Release|Any CPU
	EndGlobalSection
	GlobalSection(NestedProjects) = preSolution
		{856563ED-5EE3-4696-9C49-4DE6A98A79DE} = {87801745-5CD0-47C0-A4AB-BD5DD8CBC883}
		{F4BF2BF1-6A6E-444F-AD0F-5FFDBFC3592D} = {87801745-5CD0-47C0-A4AB-BD5DD8CBC883}
		{20FF87DA-2488-4281-9371-B4176E64196C} = {87801745-5CD0-47C0-A4AB-BD5DD8CBC883}
		{F677AB1D-579C-40F0-B141-CF60A4AC1EFF} = {87801745-5CD0-47C0-A4AB-BD5DD8CBC883}
		{C0BF4E2C-F80E-4BB2-B90B-ACF89DBA074D} = {856563ED-5EE3-4696-9C49-4DE6A98A79DE}
		{8B976D05-03F0-43B1-9232-6369197D1DBB} = {856563ED-5EE3-4696-9C49-4DE6A98A79DE}
		{4EA6EF1D-3675-4A58-A0D2-7F1694149AD6} = {20FF87DA-2488-4281-9371-B4176E64196C}
		{92275D67-08CE-40EC-B9A6-CCC1383355C1} = {F4BF2BF1-6A6E-444F-AD0F-5FFDBFC3592D}
		{2DBF1EAE-3F8B-48C7-94EA-E4DC432562F1} = {F2E91D37-A898-4323-B922-6914C3C69B53}
		{C40D555F-9592-4D09-B0D3-CC1FB1A49005} = {2DBF1EAE-3F8B-48C7-94EA-E4DC432562F1}
		{EF0B8CA1-9804-4990-83A6-0A47DA139B5C} = {F2E91D37-A898-4323-B922-6914C3C69B53}
		{14A86C66-7D5C-4743-ACD8-2BD57DFE04D7} = {EF0B8CA1-9804-4990-83A6-0A47DA139B5C}
		{34587946-0A4B-4E43-AE7D-4F4204B0AB48} = {F677AB1D-579C-40F0-B141-CF60A4AC1EFF}
		{3E90FFF1-9FC8-4FA3-BF5A-3E4A80DED45C} = {20FF87DA-2488-4281-9371-B4176E64196C}
	EndGlobalSection
	GlobalSection(ProjectConfigurationPlatforms) = postSolution
		{C0BF4E2C-F80E-4BB2-B90B-ACF89DBA074D}.Debug|Any CPU.ActiveCfg = Debug|Any CPU
		{C0BF4E2C-F80E-4BB2-B90B-ACF89DBA074D}.Debug|Any CPU.Build.0 = Debug|Any CPU
		{C0BF4E2C-F80E-4BB2-B90B-ACF89DBA074D}.Release|Any CPU.ActiveCfg = Release|Any CPU
		{C0BF4E2C-F80E-4BB2-B90B-ACF89DBA074D}.Release|Any CPU.Build.0 = Release|Any CPU
		{C40D555F-9592-4D09-B0D3-CC1FB1A49005}.Debug|Any CPU.ActiveCfg = Debug|Any CPU
		{C40D555F-9592-4D09-B0D3-CC1FB1A49005}.Debug|Any CPU.Build.0 = Debug|Any CPU
		{C40D555F-9592-4D09-B0D3-CC1FB1A49005}.Release|Any CPU.ActiveCfg = Release|Any CPU
		{C40D555F-9592-4D09-B0D3-CC1FB1A49005}.Release|Any CPU.Build.0 = Release|Any CPU
		{8B976D05-03F0-43B1-9232-6369197D1DBB}.Debug|Any CPU.ActiveCfg = Debug|Any CPU
		{8B976D05-03F0-43B1-9232-6369197D1DBB}.Debug|Any CPU.Build.0 = Debug|Any CPU
		{8B976D05-03F0-43B1-9232-6369197D1DBB}.Release|Any CPU.ActiveCfg = Release|Any CPU
		{8B976D05-03F0-43B1-9232-6369197D1DBB}.Release|Any CPU.Build.0 = Release|Any CPU
		{4EA6EF1D-3675-4A58-A0D2-7F1694149AD6}.Debug|Any CPU.ActiveCfg = Debug|Any CPU
		{4EA6EF1D-3675-4A58-A0D2-7F1694149AD6}.Debug|Any CPU.Build.0 = Debug|Any CPU
		{4EA6EF1D-3675-4A58-A0D2-7F1694149AD6}.Release|Any CPU.ActiveCfg = Release|Any CPU
		{4EA6EF1D-3675-4A58-A0D2-7F1694149AD6}.Release|Any CPU.Build.0 = Release|Any CPU
		{92275D67-08CE-40EC-B9A6-CCC1383355C1}.Debug|Any CPU.ActiveCfg = Debug|Any CPU
		{92275D67-08CE-40EC-B9A6-CCC1383355C1}.Debug|Any CPU.Build.0 = Debug|Any CPU
		{92275D67-08CE-40EC-B9A6-CCC1383355C1}.Release|Any CPU.ActiveCfg = Release|Any CPU
		{92275D67-08CE-40EC-B9A6-CCC1383355C1}.Release|Any CPU.Build.0 = Release|Any CPU
		{14A86C66-7D5C-4743-ACD8-2BD57DFE04D7}.Debug|Any CPU.ActiveCfg = Debug|Any CPU
		{14A86C66-7D5C-4743-ACD8-2BD57DFE04D7}.Debug|Any CPU.Build.0 = Debug|Any CPU
		{14A86C66-7D5C-4743-ACD8-2BD57DFE04D7}.Release|Any CPU.ActiveCfg = Release|Any CPU
		{14A86C66-7D5C-4743-ACD8-2BD57DFE04D7}.Release|Any CPU.Build.0 = Release|Any CPU
		{424B44B9-5079-47F4-9F94-FAA14CEE50BB}.Debug|Any CPU.ActiveCfg = Debug|Any CPU
		{424B44B9-5079-47F4-9F94-FAA14CEE50BB}.Debug|Any CPU.Build.0 = Debug|Any CPU
		{424B44B9-5079-47F4-9F94-FAA14CEE50BB}.Release|Any CPU.ActiveCfg = Release|Any CPU
		{424B44B9-5079-47F4-9F94-FAA14CEE50BB}.Release|Any CPU.Build.0 = Release|Any CPU
		{34587946-0A4B-4E43-AE7D-4F4204B0AB48}.Debug|Any CPU.ActiveCfg = Debug|Any CPU
		{34587946-0A4B-4E43-AE7D-4F4204B0AB48}.Debug|Any CPU.Build.0 = Debug|Any CPU
		{34587946-0A4B-4E43-AE7D-4F4204B0AB48}.Release|Any CPU.ActiveCfg = Release|Any CPU
		{34587946-0A4B-4E43-AE7D-4F4204B0AB48}.Release|Any CPU.Build.0 = Release|Any CPU
		{3E90FFF1-9FC8-4FA3-BF5A-3E4A80DED45C}.Debug|Any CPU.ActiveCfg = Debug|Any CPU
		{3E90FFF1-9FC8-4FA3-BF5A-3E4A80DED45C}.Debug|Any CPU.Build.0 = Debug|Any CPU
		{3E90FFF1-9FC8-4FA3-BF5A-3E4A80DED45C}.Release|Any CPU.ActiveCfg = Release|Any CPU
		{3E90FFF1-9FC8-4FA3-BF5A-3E4A80DED45C}.Release|Any CPU.Build.0 = Release|Any CPU
	EndGlobalSection
EndGlobal
